// !$*UTF8*$!
{
	archiveVersion = 1;
	classes = {
	};
	objectVersion = 46;
	objects = {

/* Begin PBXBuildFile section */
		4C12556D1BB725C400944BD8 /* Bolts.framework in Frameworks */ = {isa = PBXBuildFile; fileRef = 4C1255661BB725C400944BD8 /* Bolts.framework */; settings = {ASSET_TAGS = (); }; };
		4C12556E1BB725C400944BD8 /* Parse.framework in Frameworks */ = {isa = PBXBuildFile; fileRef = 4C1255671BB725C400944BD8 /* Parse.framework */; settings = {ASSET_TAGS = (); }; };
		4C12556F1BB725C400944BD8 /* ParseCrashReporting.framework in Frameworks */ = {isa = PBXBuildFile; fileRef = 4C1255681BB725C400944BD8 /* ParseCrashReporting.framework */; settings = {ASSET_TAGS = (); }; };
		4C1255701BB725C400944BD8 /* ParseFacebookUtils.framework in Frameworks */ = {isa = PBXBuildFile; fileRef = 4C1255691BB725C400944BD8 /* ParseFacebookUtils.framework */; settings = {ASSET_TAGS = (); }; };
		4C1255711BB725C400944BD8 /* ParseFacebookUtilsV4.framework in Frameworks */ = {isa = PBXBuildFile; fileRef = 4C12556A1BB725C400944BD8 /* ParseFacebookUtilsV4.framework */; settings = {ASSET_TAGS = (); }; };
		4C1255721BB725C400944BD8 /* ParseTwitterUtils.framework in Frameworks */ = {isa = PBXBuildFile; fileRef = 4C12556B1BB725C400944BD8 /* ParseTwitterUtils.framework */; settings = {ASSET_TAGS = (); }; };
		4C1255731BB725C400944BD8 /* ParseUI.framework in Frameworks */ = {isa = PBXBuildFile; fileRef = 4C12556C1BB725C400944BD8 /* ParseUI.framework */; settings = {ASSET_TAGS = (); }; };
		4C1255761BB7262600944BD8 /* AudioToolbox.framework in Frameworks */ = {isa = PBXBuildFile; fileRef = 4C1255751BB7262600944BD8 /* AudioToolbox.framework */; };
		4C1255781BB7263100944BD8 /* CFNetwork.framework in Frameworks */ = {isa = PBXBuildFile; fileRef = 4C1255771BB7263100944BD8 /* CFNetwork.framework */; };
		4C12557A1BB7263800944BD8 /* CoreGraphics.framework in Frameworks */ = {isa = PBXBuildFile; fileRef = 4C1255791BB7263800944BD8 /* CoreGraphics.framework */; };
		4C12557C1BB7263E00944BD8 /* QuartzCore.framework in Frameworks */ = {isa = PBXBuildFile; fileRef = 4C12557B1BB7263E00944BD8 /* QuartzCore.framework */; };
		4C12557E1BB7264400944BD8 /* Security.framework in Frameworks */ = {isa = PBXBuildFile; fileRef = 4C12557D1BB7264400944BD8 /* Security.framework */; };
		4C1255801BB7264A00944BD8 /* StoreKit.framework in Frameworks */ = {isa = PBXBuildFile; fileRef = 4C12557F1BB7264A00944BD8 /* StoreKit.framework */; };
		4C1255821BB7265200944BD8 /* SystemConfiguration.framework in Frameworks */ = {isa = PBXBuildFile; fileRef = 4C1255811BB7265200944BD8 /* SystemConfiguration.framework */; };
		4C1255841BB7266C00944BD8 /* libz.tbd in Frameworks */ = {isa = PBXBuildFile; fileRef = 4C1255831BB7266C00944BD8 /* libz.tbd */; };
		4C1255861BB7267600944BD8 /* libsqlite3.tbd in Frameworks */ = {isa = PBXBuildFile; fileRef = 4C1255851BB7267600944BD8 /* libsqlite3.tbd */; };
		4C12558A1BB8B9CB00944BD8 /* SWRevealViewController.m in Sources */ = {isa = PBXBuildFile; fileRef = 4C1255891BB8B9CB00944BD8 /* SWRevealViewController.m */; settings = {ASSET_TAGS = (); }; };
		4C657FFB1BB9FE31004D87E9 /* SliderMenuViewController.swift in Sources */ = {isa = PBXBuildFile; fileRef = 4C657FFA1BB9FE31004D87E9 /* SliderMenuViewController.swift */; settings = {ASSET_TAGS = (); }; };
		4C8DCA181BBF68B4000A5268 /* SlideMenuTableCell.swift in Sources */ = {isa = PBXBuildFile; fileRef = 4C8DCA171BBF68B4000A5268 /* SlideMenuTableCell.swift */; settings = {ASSET_TAGS = (); }; };
		4C8DCA1A1BBF6CF7000A5268 /* DefaultTemplate.swift in Sources */ = {isa = PBXBuildFile; fileRef = 4C8DCA191BBF6CF7000A5268 /* DefaultTemplate.swift */; settings = {ASSET_TAGS = (); }; };
		4CE679F51BB4EFC900E75480 /* AppDelegate.swift in Sources */ = {isa = PBXBuildFile; fileRef = 4CE679F41BB4EFC900E75480 /* AppDelegate.swift */; };
		4CE679FA1BB4EFC900E75480 /* Main.storyboard in Resources */ = {isa = PBXBuildFile; fileRef = 4CE679F81BB4EFC900E75480 /* Main.storyboard */; };
		4CE679FC1BB4EFC900E75480 /* Assets.xcassets in Resources */ = {isa = PBXBuildFile; fileRef = 4CE679FB1BB4EFC900E75480 /* Assets.xcassets */; };
		4CE679FF1BB4EFC900E75480 /* LaunchScreen.storyboard in Resources */ = {isa = PBXBuildFile; fileRef = 4CE679FD1BB4EFC900E75480 /* LaunchScreen.storyboard */; };
		4CE67A0A1BB4EFC900E75480 /* MuseBeaconTests.swift in Sources */ = {isa = PBXBuildFile; fileRef = 4CE67A091BB4EFC900E75480 /* MuseBeaconTests.swift */; };
		4CE67A151BB4EFC900E75480 /* MuseBeaconUITests.swift in Sources */ = {isa = PBXBuildFile; fileRef = 4CE67A141BB4EFC900E75480 /* MuseBeaconUITests.swift */; };
/* End PBXBuildFile section */

/* Begin PBXContainerItemProxy section */
		4CE67A061BB4EFC900E75480 /* PBXContainerItemProxy */ = {
			isa = PBXContainerItemProxy;
			containerPortal = 4CE679E91BB4EFC900E75480 /* Project object */;
			proxyType = 1;
			remoteGlobalIDString = 4CE679F01BB4EFC900E75480;
			remoteInfo = MuseBeacon;
		};
		4CE67A111BB4EFC900E75480 /* PBXContainerItemProxy */ = {
			isa = PBXContainerItemProxy;
			containerPortal = 4CE679E91BB4EFC900E75480 /* Project object */;
			proxyType = 1;
			remoteGlobalIDString = 4CE679F01BB4EFC900E75480;
			remoteInfo = MuseBeacon;
		};
/* End PBXContainerItemProxy section */

/* Begin PBXFileReference section */
		4C1255661BB725C400944BD8 /* Bolts.framework */ = {isa = PBXFileReference; lastKnownFileType = wrapper.framework; path = Bolts.framework; sourceTree = "<group>"; };
		4C1255671BB725C400944BD8 /* Parse.framework */ = {isa = PBXFileReference; lastKnownFileType = wrapper.framework; path = Parse.framework; sourceTree = "<group>"; };
		4C1255681BB725C400944BD8 /* ParseCrashReporting.framework */ = {isa = PBXFileReference; lastKnownFileType = wrapper.framework; path = ParseCrashReporting.framework; sourceTree = "<group>"; };
		4C1255691BB725C400944BD8 /* ParseFacebookUtils.framework */ = {isa = PBXFileReference; lastKnownFileType = wrapper.framework; path = ParseFacebookUtils.framework; sourceTree = "<group>"; };
		4C12556A1BB725C400944BD8 /* ParseFacebookUtilsV4.framework */ = {isa = PBXFileReference; lastKnownFileType = wrapper.framework; path = ParseFacebookUtilsV4.framework; sourceTree = "<group>"; };
		4C12556B1BB725C400944BD8 /* ParseTwitterUtils.framework */ = {isa = PBXFileReference; lastKnownFileType = wrapper.framework; path = ParseTwitterUtils.framework; sourceTree = "<group>"; };
		4C12556C1BB725C400944BD8 /* ParseUI.framework */ = {isa = PBXFileReference; lastKnownFileType = wrapper.framework; path = ParseUI.framework; sourceTree = "<group>"; };
		4C1255751BB7262600944BD8 /* AudioToolbox.framework */ = {isa = PBXFileReference; lastKnownFileType = wrapper.framework; name = AudioToolbox.framework; path = System/Library/Frameworks/AudioToolbox.framework; sourceTree = SDKROOT; };
		4C1255771BB7263100944BD8 /* CFNetwork.framework */ = {isa = PBXFileReference; lastKnownFileType = wrapper.framework; name = CFNetwork.framework; path = System/Library/Frameworks/CFNetwork.framework; sourceTree = SDKROOT; };
		4C1255791BB7263800944BD8 /* CoreGraphics.framework */ = {isa = PBXFileReference; lastKnownFileType = wrapper.framework; name = CoreGraphics.framework; path = System/Library/Frameworks/CoreGraphics.framework; sourceTree = SDKROOT; };
		4C12557B1BB7263E00944BD8 /* QuartzCore.framework */ = {isa = PBXFileReference; lastKnownFileType = wrapper.framework; name = QuartzCore.framework; path = System/Library/Frameworks/QuartzCore.framework; sourceTree = SDKROOT; };
		4C12557D1BB7264400944BD8 /* Security.framework */ = {isa = PBXFileReference; lastKnownFileType = wrapper.framework; name = Security.framework; path = System/Library/Frameworks/Security.framework; sourceTree = SDKROOT; };
		4C12557F1BB7264A00944BD8 /* StoreKit.framework */ = {isa = PBXFileReference; lastKnownFileType = wrapper.framework; name = StoreKit.framework; path = System/Library/Frameworks/StoreKit.framework; sourceTree = SDKROOT; };
		4C1255811BB7265200944BD8 /* SystemConfiguration.framework */ = {isa = PBXFileReference; lastKnownFileType = wrapper.framework; name = SystemConfiguration.framework; path = System/Library/Frameworks/SystemConfiguration.framework; sourceTree = SDKROOT; };
		4C1255831BB7266C00944BD8 /* libz.tbd */ = {isa = PBXFileReference; lastKnownFileType = "sourcecode.text-based-dylib-definition"; name = libz.tbd; path = usr/lib/libz.tbd; sourceTree = SDKROOT; };
		4C1255851BB7267600944BD8 /* libsqlite3.tbd */ = {isa = PBXFileReference; lastKnownFileType = "sourcecode.text-based-dylib-definition"; name = libsqlite3.tbd; path = usr/lib/libsqlite3.tbd; sourceTree = SDKROOT; };
		4C1255871BB8B9CA00944BD8 /* MuseBeacon-Bridging-Header.h */ = {isa = PBXFileReference; lastKnownFileType = sourcecode.c.h; path = "MuseBeacon-Bridging-Header.h"; sourceTree = "<group>"; };
		4C1255881BB8B9CB00944BD8 /* SWRevealViewController.h */ = {isa = PBXFileReference; fileEncoding = 4; lastKnownFileType = sourcecode.c.h; path = SWRevealViewController.h; sourceTree = "<group>"; };
		4C1255891BB8B9CB00944BD8 /* SWRevealViewController.m */ = {isa = PBXFileReference; fileEncoding = 4; lastKnownFileType = sourcecode.c.objc; path = SWRevealViewController.m; sourceTree = "<group>"; };
		4C657FFA1BB9FE31004D87E9 /* SliderMenuViewController.swift */ = {isa = PBXFileReference; fileEncoding = 4; lastKnownFileType = sourcecode.swift; path = SliderMenuViewController.swift; sourceTree = "<group>"; };
		4C8DCA171BBF68B4000A5268 /* SlideMenuTableCell.swift */ = {isa = PBXFileReference; fileEncoding = 4; lastKnownFileType = sourcecode.swift; path = SlideMenuTableCell.swift; sourceTree = "<group>"; };
		4C8DCA191BBF6CF7000A5268 /* DefaultTemplate.swift */ = {isa = PBXFileReference; fileEncoding = 4; lastKnownFileType = sourcecode.swift; path = DefaultTemplate.swift; sourceTree = "<group>"; };
		4CE679F11BB4EFC900E75480 /* MuseBeacon.app */ = {isa = PBXFileReference; explicitFileType = wrapper.application; includeInIndex = 0; path = MuseBeacon.app; sourceTree = BUILT_PRODUCTS_DIR; };
		4CE679F41BB4EFC900E75480 /* AppDelegate.swift */ = {isa = PBXFileReference; lastKnownFileType = sourcecode.swift; path = AppDelegate.swift; sourceTree = "<group>"; };
		4CE679F91BB4EFC900E75480 /* Base */ = {isa = PBXFileReference; lastKnownFileType = file.storyboard; name = Base; path = Base.lproj/Main.storyboard; sourceTree = "<group>"; };
		4CE679FB1BB4EFC900E75480 /* Assets.xcassets */ = {isa = PBXFileReference; lastKnownFileType = folder.assetcatalog; path = Assets.xcassets; sourceTree = "<group>"; };
		4CE679FE1BB4EFC900E75480 /* Base */ = {isa = PBXFileReference; lastKnownFileType = file.storyboard; name = Base; path = Base.lproj/LaunchScreen.storyboard; sourceTree = "<group>"; };
		4CE67A001BB4EFC900E75480 /* Info.plist */ = {isa = PBXFileReference; lastKnownFileType = text.plist.xml; path = Info.plist; sourceTree = "<group>"; };
		4CE67A051BB4EFC900E75480 /* MuseBeaconTests.xctest */ = {isa = PBXFileReference; explicitFileType = wrapper.cfbundle; includeInIndex = 0; path = MuseBeaconTests.xctest; sourceTree = BUILT_PRODUCTS_DIR; };
		4CE67A091BB4EFC900E75480 /* MuseBeaconTests.swift */ = {isa = PBXFileReference; lastKnownFileType = sourcecode.swift; path = MuseBeaconTests.swift; sourceTree = "<group>"; };
		4CE67A0B1BB4EFC900E75480 /* Info.plist */ = {isa = PBXFileReference; lastKnownFileType = text.plist.xml; path = Info.plist; sourceTree = "<group>"; };
		4CE67A101BB4EFC900E75480 /* MuseBeaconUITests.xctest */ = {isa = PBXFileReference; explicitFileType = wrapper.cfbundle; includeInIndex = 0; path = MuseBeaconUITests.xctest; sourceTree = BUILT_PRODUCTS_DIR; };
		4CE67A141BB4EFC900E75480 /* MuseBeaconUITests.swift */ = {isa = PBXFileReference; lastKnownFileType = sourcecode.swift; path = MuseBeaconUITests.swift; sourceTree = "<group>"; };
		4CE67A161BB4EFC900E75480 /* Info.plist */ = {isa = PBXFileReference; lastKnownFileType = text.plist.xml; path = Info.plist; sourceTree = "<group>"; };
/* End PBXFileReference section */

/* Begin PBXFrameworksBuildPhase section */
		4CE679EE1BB4EFC900E75480 /* Frameworks */ = {
			isa = PBXFrameworksBuildPhase;
			buildActionMask = 2147483647;
			files = (
				4C1255861BB7267600944BD8 /* libsqlite3.tbd in Frameworks */,
				4C1255841BB7266C00944BD8 /* libz.tbd in Frameworks */,
				4C1255821BB7265200944BD8 /* SystemConfiguration.framework in Frameworks */,
				4C1255801BB7264A00944BD8 /* StoreKit.framework in Frameworks */,
				4C12557E1BB7264400944BD8 /* Security.framework in Frameworks */,
				4C12557C1BB7263E00944BD8 /* QuartzCore.framework in Frameworks */,
				4C12557A1BB7263800944BD8 /* CoreGraphics.framework in Frameworks */,
				4C1255781BB7263100944BD8 /* CFNetwork.framework in Frameworks */,
				4C1255761BB7262600944BD8 /* AudioToolbox.framework in Frameworks */,
				4C12556E1BB725C400944BD8 /* Parse.framework in Frameworks */,
				4C12556F1BB725C400944BD8 /* ParseCrashReporting.framework in Frameworks */,
				4C1255731BB725C400944BD8 /* ParseUI.framework in Frameworks */,
				4C1255701BB725C400944BD8 /* ParseFacebookUtils.framework in Frameworks */,
				4C12556D1BB725C400944BD8 /* Bolts.framework in Frameworks */,
				4C1255721BB725C400944BD8 /* ParseTwitterUtils.framework in Frameworks */,
				4C1255711BB725C400944BD8 /* ParseFacebookUtilsV4.framework in Frameworks */,
			);
			runOnlyForDeploymentPostprocessing = 0;
		};
		4CE67A021BB4EFC900E75480 /* Frameworks */ = {
			isa = PBXFrameworksBuildPhase;
			buildActionMask = 2147483647;
			files = (
			);
			runOnlyForDeploymentPostprocessing = 0;
		};
		4CE67A0D1BB4EFC900E75480 /* Frameworks */ = {
			isa = PBXFrameworksBuildPhase;
			buildActionMask = 2147483647;
			files = (
			);
			runOnlyForDeploymentPostprocessing = 0;
		};
/* End PBXFrameworksBuildPhase section */

/* Begin PBXGroup section */
		4C1255741BB725C700944BD8 /* Supporting Files */ = {
			isa = PBXGroup;
			children = (
				4C1255881BB8B9CB00944BD8 /* SWRevealViewController.h */,
				4C1255891BB8B9CB00944BD8 /* SWRevealViewController.m */,
				4C1255851BB7267600944BD8 /* libsqlite3.tbd */,
				4C1255831BB7266C00944BD8 /* libz.tbd */,
				4C1255811BB7265200944BD8 /* SystemConfiguration.framework */,
				4C12557F1BB7264A00944BD8 /* StoreKit.framework */,
				4C12557D1BB7264400944BD8 /* Security.framework */,
				4C12557B1BB7263E00944BD8 /* QuartzCore.framework */,
				4C1255791BB7263800944BD8 /* CoreGraphics.framework */,
				4C1255771BB7263100944BD8 /* CFNetwork.framework */,
				4C1255751BB7262600944BD8 /* AudioToolbox.framework */,
				4C1255661BB725C400944BD8 /* Bolts.framework */,
				4C1255671BB725C400944BD8 /* Parse.framework */,
				4C1255681BB725C400944BD8 /* ParseCrashReporting.framework */,
				4C1255691BB725C400944BD8 /* ParseFacebookUtils.framework */,
				4C12556A1BB725C400944BD8 /* ParseFacebookUtilsV4.framework */,
				4C12556B1BB725C400944BD8 /* ParseTwitterUtils.framework */,
				4C12556C1BB725C400944BD8 /* ParseUI.framework */,
				4C1255871BB8B9CA00944BD8 /* MuseBeacon-Bridging-Header.h */,
			);
			name = "Supporting Files";
			sourceTree = "<group>";
		};
		4CE679E81BB4EFC900E75480 = {
			isa = PBXGroup;
			children = (
				4CE679F31BB4EFC900E75480 /* MuseBeacon */,
				4CE67A081BB4EFC900E75480 /* MuseBeaconTests */,
				4CE67A131BB4EFC900E75480 /* MuseBeaconUITests */,
				4CE679F21BB4EFC900E75480 /* Products */,
			);
			sourceTree = "<group>";
		};
		4CE679F21BB4EFC900E75480 /* Products */ = {
			isa = PBXGroup;
			children = (
				4CE679F11BB4EFC900E75480 /* MuseBeacon.app */,
				4CE67A051BB4EFC900E75480 /* MuseBeaconTests.xctest */,
				4CE67A101BB4EFC900E75480 /* MuseBeaconUITests.xctest */,
			);
			name = Products;
			sourceTree = "<group>";
		};
		4CE679F31BB4EFC900E75480 /* MuseBeacon */ = {
			isa = PBXGroup;
			children = (
				4C657FFA1BB9FE31004D87E9 /* SliderMenuViewController.swift */,
				4C8DCA171BBF68B4000A5268 /* SlideMenuTableCell.swift */,
				4CE679F41BB4EFC900E75480 /* AppDelegate.swift */,
				4C8DCA191BBF6CF7000A5268 /* DefaultTemplate.swift */,
				4CE679F81BB4EFC900E75480 /* Main.storyboard */,
				4CE679FB1BB4EFC900E75480 /* Assets.xcassets */,
				4CE679FD1BB4EFC900E75480 /* LaunchScreen.storyboard */,
				4CE67A001BB4EFC900E75480 /* Info.plist */,
				4C1255741BB725C700944BD8 /* Supporting Files */,
			);
			path = MuseBeacon;
			sourceTree = "<group>";
		};
		4CE67A081BB4EFC900E75480 /* MuseBeaconTests */ = {
			isa = PBXGroup;
			children = (
				4CE67A091BB4EFC900E75480 /* MuseBeaconTests.swift */,
				4CE67A0B1BB4EFC900E75480 /* Info.plist */,
			);
			path = MuseBeaconTests;
			sourceTree = "<group>";
		};
		4CE67A131BB4EFC900E75480 /* MuseBeaconUITests */ = {
			isa = PBXGroup;
			children = (
				4CE67A141BB4EFC900E75480 /* MuseBeaconUITests.swift */,
				4CE67A161BB4EFC900E75480 /* Info.plist */,
			);
			path = MuseBeaconUITests;
			sourceTree = "<group>";
		};
/* End PBXGroup section */

/* Begin PBXNativeTarget section */
		4CE679F01BB4EFC900E75480 /* MuseBeacon */ = {
			isa = PBXNativeTarget;
			buildConfigurationList = 4CE67A191BB4EFC900E75480 /* Build configuration list for PBXNativeTarget "MuseBeacon" */;
			buildPhases = (
				4CE679ED1BB4EFC900E75480 /* Sources */,
				4CE679EE1BB4EFC900E75480 /* Frameworks */,
				4CE679EF1BB4EFC900E75480 /* Resources */,
			);
			buildRules = (
			);
			dependencies = (
			);
			name = MuseBeacon;
			productName = MuseBeacon;
			productReference = 4CE679F11BB4EFC900E75480 /* MuseBeacon.app */;
			productType = "com.apple.product-type.application";
		};
		4CE67A041BB4EFC900E75480 /* MuseBeaconTests */ = {
			isa = PBXNativeTarget;
			buildConfigurationList = 4CE67A1C1BB4EFC900E75480 /* Build configuration list for PBXNativeTarget "MuseBeaconTests" */;
			buildPhases = (
				4CE67A011BB4EFC900E75480 /* Sources */,
				4CE67A021BB4EFC900E75480 /* Frameworks */,
				4CE67A031BB4EFC900E75480 /* Resources */,
			);
			buildRules = (
			);
			dependencies = (
				4CE67A071BB4EFC900E75480 /* PBXTargetDependency */,
			);
			name = MuseBeaconTests;
			productName = MuseBeaconTests;
			productReference = 4CE67A051BB4EFC900E75480 /* MuseBeaconTests.xctest */;
			productType = "com.apple.product-type.bundle.unit-test";
		};
		4CE67A0F1BB4EFC900E75480 /* MuseBeaconUITests */ = {
			isa = PBXNativeTarget;
			buildConfigurationList = 4CE67A1F1BB4EFC900E75480 /* Build configuration list for PBXNativeTarget "MuseBeaconUITests" */;
			buildPhases = (
				4CE67A0C1BB4EFC900E75480 /* Sources */,
				4CE67A0D1BB4EFC900E75480 /* Frameworks */,
				4CE67A0E1BB4EFC900E75480 /* Resources */,
			);
			buildRules = (
			);
			dependencies = (
				4CE67A121BB4EFC900E75480 /* PBXTargetDependency */,
			);
			name = MuseBeaconUITests;
			productName = MuseBeaconUITests;
			productReference = 4CE67A101BB4EFC900E75480 /* MuseBeaconUITests.xctest */;
			productType = "com.apple.product-type.bundle.ui-testing";
		};
/* End PBXNativeTarget section */

/* Begin PBXProject section */
		4CE679E91BB4EFC900E75480 /* Project object */ = {
			isa = PBXProject;
			attributes = {
				LastSwiftUpdateCheck = 0700;
				LastUpgradeCheck = 0700;
				ORGANIZATIONNAME = "hartung-michael";
				TargetAttributes = {
					4CE679F01BB4EFC900E75480 = {
						CreatedOnToolsVersion = 7.0;
					};
					4CE67A041BB4EFC900E75480 = {
						CreatedOnToolsVersion = 7.0;
						TestTargetID = 4CE679F01BB4EFC900E75480;
					};
					4CE67A0F1BB4EFC900E75480 = {
						CreatedOnToolsVersion = 7.0;
						TestTargetID = 4CE679F01BB4EFC900E75480;
					};
				};
			};
			buildConfigurationList = 4CE679EC1BB4EFC900E75480 /* Build configuration list for PBXProject "MuseBeacon" */;
			compatibilityVersion = "Xcode 3.2";
			developmentRegion = English;
			hasScannedForEncodings = 0;
			knownRegions = (
				en,
				Base,
			);
			mainGroup = 4CE679E81BB4EFC900E75480;
			productRefGroup = 4CE679F21BB4EFC900E75480 /* Products */;
			projectDirPath = "";
			projectRoot = "";
			targets = (
				4CE679F01BB4EFC900E75480 /* MuseBeacon */,
				4CE67A041BB4EFC900E75480 /* MuseBeaconTests */,
				4CE67A0F1BB4EFC900E75480 /* MuseBeaconUITests */,
			);
		};
/* End PBXProject section */

/* Begin PBXResourcesBuildPhase section */
		4CE679EF1BB4EFC900E75480 /* Resources */ = {
			isa = PBXResourcesBuildPhase;
			buildActionMask = 2147483647;
			files = (
				4CE679FF1BB4EFC900E75480 /* LaunchScreen.storyboard in Resources */,
				4CE679FC1BB4EFC900E75480 /* Assets.xcassets in Resources */,
				4CE679FA1BB4EFC900E75480 /* Main.storyboard in Resources */,
			);
			runOnlyForDeploymentPostprocessing = 0;
		};
		4CE67A031BB4EFC900E75480 /* Resources */ = {
			isa = PBXResourcesBuildPhase;
			buildActionMask = 2147483647;
			files = (
			);
			runOnlyForDeploymentPostprocessing = 0;
		};
		4CE67A0E1BB4EFC900E75480 /* Resources */ = {
			isa = PBXResourcesBuildPhase;
			buildActionMask = 2147483647;
			files = (
			);
			runOnlyForDeploymentPostprocessing = 0;
		};
/* End PBXResourcesBuildPhase section */

/* Begin PBXSourcesBuildPhase section */
		4CE679ED1BB4EFC900E75480 /* Sources */ = {
			isa = PBXSourcesBuildPhase;
			buildActionMask = 2147483647;
			files = (
				4C8DCA181BBF68B4000A5268 /* SlideMenuTableCell.swift in Sources */,
				4CE679F51BB4EFC900E75480 /* AppDelegate.swift in Sources */,
				4C657FFB1BB9FE31004D87E9 /* SliderMenuViewController.swift in Sources */,
				4C12558A1BB8B9CB00944BD8 /* SWRevealViewController.m in Sources */,
				4C8DCA1A1BBF6CF7000A5268 /* DefaultTemplate.swift in Sources */,
			);
			runOnlyForDeploymentPostprocessing = 0;
		};
		4CE67A011BB4EFC900E75480 /* Sources */ = {
			isa = PBXSourcesBuildPhase;
			buildActionMask = 2147483647;
			files = (
				4CE67A0A1BB4EFC900E75480 /* MuseBeaconTests.swift in Sources */,
			);
			runOnlyForDeploymentPostprocessing = 0;
		};
		4CE67A0C1BB4EFC900E75480 /* Sources */ = {
			isa = PBXSourcesBuildPhase;
			buildActionMask = 2147483647;
			files = (
				4CE67A151BB4EFC900E75480 /* MuseBeaconUITests.swift in Sources */,
			);
			runOnlyForDeploymentPostprocessing = 0;
		};
/* End PBXSourcesBuildPhase section */

/* Begin PBXTargetDependency section */
		4CE67A071BB4EFC900E75480 /* PBXTargetDependency */ = {
			isa = PBXTargetDependency;
			target = 4CE679F01BB4EFC900E75480 /* MuseBeacon */;
			targetProxy = 4CE67A061BB4EFC900E75480 /* PBXContainerItemProxy */;
		};
		4CE67A121BB4EFC900E75480 /* PBXTargetDependency */ = {
			isa = PBXTargetDependency;
			target = 4CE679F01BB4EFC900E75480 /* MuseBeacon */;
			targetProxy = 4CE67A111BB4EFC900E75480 /* PBXContainerItemProxy */;
		};
/* End PBXTargetDependency section */

/* Begin PBXVariantGroup section */
		4CE679F81BB4EFC900E75480 /* Main.storyboard */ = {
			isa = PBXVariantGroup;
			children = (
				4CE679F91BB4EFC900E75480 /* Base */,
			);
			name = Main.storyboard;
			sourceTree = "<group>";
		};
		4CE679FD1BB4EFC900E75480 /* LaunchScreen.storyboard */ = {
			isa = PBXVariantGroup;
			children = (
				4CE679FE1BB4EFC900E75480 /* Base */,
			);
			name = LaunchScreen.storyboard;
			sourceTree = "<group>";
		};
/* End PBXVariantGroup section */

/* Begin XCBuildConfiguration section */
		4CE67A171BB4EFC900E75480 /* Debug */ = {
			isa = XCBuildConfiguration;
			buildSettings = {
				ALWAYS_SEARCH_USER_PATHS = NO;
				CLANG_CXX_LANGUAGE_STANDARD = "gnu++0x";
				CLANG_CXX_LIBRARY = "libc++";
				CLANG_ENABLE_MODULES = YES;
				CLANG_ENABLE_OBJC_ARC = YES;
				CLANG_WARN_BOOL_CONVERSION = YES;
				CLANG_WARN_CONSTANT_CONVERSION = YES;
				CLANG_WARN_DIRECT_OBJC_ISA_USAGE = YES_ERROR;
				CLANG_WARN_EMPTY_BODY = YES;
				CLANG_WARN_ENUM_CONVERSION = YES;
				CLANG_WARN_INT_CONVERSION = YES;
				CLANG_WARN_OBJC_ROOT_CLASS = YES_ERROR;
				CLANG_WARN_UNREACHABLE_CODE = YES;
				CLANG_WARN__DUPLICATE_METHOD_MATCH = YES;
				"CODE_SIGN_IDENTITY[sdk=iphoneos*]" = "iPhone Developer";
				COPY_PHASE_STRIP = NO;
				DEBUG_INFORMATION_FORMAT = dwarf;
				ENABLE_STRICT_OBJC_MSGSEND = YES;
				ENABLE_TESTABILITY = YES;
				GCC_C_LANGUAGE_STANDARD = gnu99;
				GCC_DYNAMIC_NO_PIC = NO;
				GCC_NO_COMMON_BLOCKS = YES;
				GCC_OPTIMIZATION_LEVEL = 0;
				GCC_PREPROCESSOR_DEFINITIONS = (
					"DEBUG=1",
					"$(inherited)",
				);
				GCC_WARN_64_TO_32_BIT_CONVERSION = YES;
				GCC_WARN_ABOUT_RETURN_TYPE = YES_ERROR;
				GCC_WARN_UNDECLARED_SELECTOR = YES;
				GCC_WARN_UNINITIALIZED_AUTOS = YES_AGGRESSIVE;
				GCC_WARN_UNUSED_FUNCTION = YES;
				GCC_WARN_UNUSED_VARIABLE = YES;
				IPHONEOS_DEPLOYMENT_TARGET = 9.0;
				MTL_ENABLE_DEBUG_INFO = YES;
				ONLY_ACTIVE_ARCH = YES;
				SDKROOT = iphoneos;
				SWIFT_OPTIMIZATION_LEVEL = "-Onone";
			};
			name = Debug;
		};
		4CE67A181BB4EFC900E75480 /* Release */ = {
			isa = XCBuildConfiguration;
			buildSettings = {
				ALWAYS_SEARCH_USER_PATHS = NO;
				CLANG_CXX_LANGUAGE_STANDARD = "gnu++0x";
				CLANG_CXX_LIBRARY = "libc++";
				CLANG_ENABLE_MODULES = YES;
				CLANG_ENABLE_OBJC_ARC = YES;
				CLANG_WARN_BOOL_CONVERSION = YES;
				CLANG_WARN_CONSTANT_CONVERSION = YES;
				CLANG_WARN_DIRECT_OBJC_ISA_USAGE = YES_ERROR;
				CLANG_WARN_EMPTY_BODY = YES;
				CLANG_WARN_ENUM_CONVERSION = YES;
				CLANG_WARN_INT_CONVERSION = YES;
				CLANG_WARN_OBJC_ROOT_CLASS = YES_ERROR;
				CLANG_WARN_UNREACHABLE_CODE = YES;
				CLANG_WARN__DUPLICATE_METHOD_MATCH = YES;
				"CODE_SIGN_IDENTITY[sdk=iphoneos*]" = "iPhone Developer";
				COPY_PHASE_STRIP = NO;
				DEBUG_INFORMATION_FORMAT = "dwarf-with-dsym";
				ENABLE_NS_ASSERTIONS = NO;
				ENABLE_STRICT_OBJC_MSGSEND = YES;
				GCC_C_LANGUAGE_STANDARD = gnu99;
				GCC_NO_COMMON_BLOCKS = YES;
				GCC_WARN_64_TO_32_BIT_CONVERSION = YES;
				GCC_WARN_ABOUT_RETURN_TYPE = YES_ERROR;
				GCC_WARN_UNDECLARED_SELECTOR = YES;
				GCC_WARN_UNINITIALIZED_AUTOS = YES_AGGRESSIVE;
				GCC_WARN_UNUSED_FUNCTION = YES;
				GCC_WARN_UNUSED_VARIABLE = YES;
				IPHONEOS_DEPLOYMENT_TARGET = 9.0;
				MTL_ENABLE_DEBUG_INFO = NO;
				SDKROOT = iphoneos;
				VALIDATE_PRODUCT = YES;
			};
			name = Release;
		};
		4CE67A1A1BB4EFC900E75480 /* Debug */ = {
			isa = XCBuildConfiguration;
			buildSettings = {
				ASSETCATALOG_COMPILER_APPICON_NAME = AppIcon;
				CLANG_ENABLE_MODULES = YES;
				FRAMEWORK_SEARCH_PATHS = (
					"$(inherited)",
					"$(PROJECT_DIR)/MuseBeacon",
				);
				INFOPLIST_FILE = MuseBeacon/Info.plist;
				LD_RUNPATH_SEARCH_PATHS = "$(inherited) @executable_path/Frameworks";
				PRODUCT_BUNDLE_IDENTIFIER = "com.hartung-michael.MuseBeacon";
				PRODUCT_NAME = "$(TARGET_NAME)";
				SWIFT_OBJC_BRIDGING_HEADER = "MuseBeacon/MuseBeacon-Bridging-Header.h";
				SWIFT_OPTIMIZATION_LEVEL = "-Onone";
			};
			name = Debug;
		};
		4CE67A1B1BB4EFC900E75480 /* Release */ = {
			isa = XCBuildConfiguration;
			buildSettings = {
				ASSETCATALOG_COMPILER_APPICON_NAME = AppIcon;
				CLANG_ENABLE_MODULES = YES;
				FRAMEWORK_SEARCH_PATHS = (
					"$(inherited)",
					"$(PROJECT_DIR)/MuseBeacon",
				);
				INFOPLIST_FILE = MuseBeacon/Info.plist;
				LD_RUNPATH_SEARCH_PATHS = "$(inherited) @executable_path/Frameworks";
				PRODUCT_BUNDLE_IDENTIFIER = "com.hartung-michael.MuseBeacon";
				PRODUCT_NAME = "$(TARGET_NAME)";
				SWIFT_OBJC_BRIDGING_HEADER = "MuseBeacon/MuseBeacon-Bridging-Header.h";
			};
			name = Release;
		};
		4CE67A1D1BB4EFC900E75480 /* Debug */ = {
			isa = XCBuildConfiguration;
			buildSettings = {
				BUNDLE_LOADER = "$(TEST_HOST)";
				INFOPLIST_FILE = MuseBeaconTests/Info.plist;
				LD_RUNPATH_SEARCH_PATHS = "$(inherited) @executable_path/Frameworks @loader_path/Frameworks";
				PRODUCT_BUNDLE_IDENTIFIER = "com.hartung-michael.MuseBeaconTests";
				PRODUCT_NAME = "$(TARGET_NAME)";
				TEST_HOST = "$(BUILT_PRODUCTS_DIR)/MuseBeacon.app/MuseBeacon";
			};
			name = Debug;
		};
		4CE67A1E1BB4EFC900E75480 /* Release */ = {
			isa = XCBuildConfiguration;
			buildSettings = {
				BUNDLE_LOADER = "$(TEST_HOST)";
				INFOPLIST_FILE = MuseBeaconTests/Info.plist;
				LD_RUNPATH_SEARCH_PATHS = "$(inherited) @executable_path/Frameworks @loader_path/Frameworks";
				PRODUCT_BUNDLE_IDENTIFIER = "com.hartung-michael.MuseBeaconTests";
				PRODUCT_NAME = "$(TARGET_NAME)";
				TEST_HOST = "$(BUILT_PRODUCTS_DIR)/MuseBeacon.app/MuseBeacon";
			};
			name = Release;
		};
		4CE67A201BB4EFC900E75480 /* Debug */ = {
			isa = XCBuildConfiguration;
			buildSettings = {
				INFOPLIST_FILE = MuseBeaconUITests/Info.plist;
				LD_RUNPATH_SEARCH_PATHS = "$(inherited) @executable_path/Frameworks @loader_path/Frameworks";
				PRODUCT_BUNDLE_IDENTIFIER = "com.hartung-michael.MuseBeaconUITests";
				PRODUCT_NAME = "$(TARGET_NAME)";
				TEST_TARGET_NAME = MuseBeacon;
				USES_XCTRUNNER = YES;
			};
			name = Debug;
		};
		4CE67A211BB4EFC900E75480 /* Release */ = {
			isa = XCBuildConfiguration;
			buildSettings = {
				INFOPLIST_FILE = MuseBeaconUITests/Info.plist;
				LD_RUNPATH_SEARCH_PATHS = "$(inherited) @executable_path/Frameworks @loader_path/Frameworks";
				PRODUCT_BUNDLE_IDENTIFIER = "com.hartung-michael.MuseBeaconUITests";
				PRODUCT_NAME = "$(TARGET_NAME)";
				TEST_TARGET_NAME = MuseBeacon;
				USES_XCTRUNNER = YES;
			};
			name = Release;
		};
/* End XCBuildConfiguration section */

/* Begin XCConfigurationList section */
		4CE679EC1BB4EFC900E75480 /* Build configuration list for PBXProject "MuseBeacon" */ = {
			isa = XCConfigurationList;
			buildConfigurations = (
				4CE67A171BB4EFC900E75480 /* Debug */,
				4CE67A181BB4EFC900E75480 /* Release */,
			);
			defaultConfigurationIsVisible = 0;
			defaultConfigurationName = Release;
		};
		4CE67A191BB4EFC900E75480 /* Build configuration list for PBXNativeTarget "MuseBeacon" */ = {
			isa = XCConfigurationList;
			buildConfigurations = (
				4CE67A1A1BB4EFC900E75480 /* Debug */,
				4CE67A1B1BB4EFC900E75480 /* Release */,
			);
			defaultConfigurationIsVisible = 0;
			defaultConfigurationName = Release;
		};
		4CE67A1C1BB4EFC900E75480 /* Build configuration list for PBXNativeTarget "MuseBeaconTests" */ = {
			isa = XCConfigurationList;
			buildConfigurations = (
				4CE67A1D1BB4EFC900E75480 /* Debug */,
				4CE67A1E1BB4EFC900E75480 /* Release */,
			);
			defaultConfigurationIsVisible = 0;
			defaultConfigurationName = Release;
		};
		4CE67A1F1BB4EFC900E75480 /* Build configuration list for PBXNativeTarget "MuseBeaconUITests" */ = {
			isa = XCConfigurationList;
			buildConfigurations = (
				4CE67A201BB4EFC900E75480 /* Debug */,
				4CE67A211BB4EFC900E75480 /* Release */,
			);
			defaultConfigurationIsVisible = 0;
			defaultConfigurationName = Release;
		};
/* End XCConfigurationList section */
	};
	rootObject = 4CE679E91BB4EFC900E75480 /* Project object */;
}
